
Microsoft Visual Studio Solution File, Format Version 12.00
# Visual Studio Version 17
VisualStudioVersion = 17.0.31903.59
MinimumVisualStudioVersion = 10.0.40219.1
Project("{2150E333-8FDC-42A3-9474-1A3956D46DE8}") = "src", "src", "{827E0CD3-B72D-47B6-A68D-7590B98EB39B}"
EndProject
Project("{FAE04EC0-301F-11D3-BF4B-00C04F79EFBC}") = "Memora.Core", "src\Memora.Core\Memora.Core.csproj", "{ED524598-C6F1-43A6-9E75-A979732ECAF8}"
EndProject
Project("{FAE04EC0-301F-11D3-BF4B-00C04F79EFBC}") = "Memora.Storage", "src\Memora.Storage\Memora.Storage.csproj", "{FCDDF6EA-67BA-460F-B99A-7742B8603C40}"
EndProject
Project("{FAE04EC0-301F-11D3-BF4B-00C04F79EFBC}") = "Memora.Index", "src\Memora.Index\Memora.Index.csproj", "{AAA9922A-B9A5-4877-A976-43B95B59E95C}"
EndProject
Project("{FAE04EC0-301F-11D3-BF4B-00C04F79EFBC}") = "Memora.Context", "src\Memora.Context\Memora.Context.csproj", "{E68A5262-6351-4294-A809-CE1857769876}"
EndProject
Project("{FAE04EC0-301F-11D3-BF4B-00C04F79EFBC}") = "Memora.Api", "src\Memora.Api\Memora.Api.csproj", "{75C7CDA4-B3B7-41F0-858F-06BB9DB9EA4C}"
EndProject
Project("{FAE04EC0-301F-11D3-BF4B-00C04F79EFBC}") = "Memora.Mcp", "src\Memora.Mcp\Memora.Mcp.csproj", "{D9E4A3EA-971D-412C-BD24-7F4574CEE228}"
EndProject
Project("{FAE04EC0-301F-11D3-BF4B-00C04F79EFBC}") = "Memora.Ui", "src\Memora.Ui\Memora.Ui.csproj", "{A8061EBE-1817-4BAD-8DC7-21062EDAEAD9}"
EndProject
Project("{2150E333-8FDC-42A3-9474-1A3956D46DE8}") = "tests", "tests", "{0AB3BF05-4346-4AA6-1389-037BE0695223}"
EndProject
Project("{FAE04EC0-301F-11D3-BF4B-00C04F79EFBC}") = "Memora.Core.Tests", "tests\Memora.Core.Tests\Memora.Core.Tests.csproj", "{54493E75-6BA6-4807-967F-8E41BC227CEA}"
EndProject
Project("{FAE04EC0-301F-11D3-BF4B-00C04F79EFBC}") = "Memora.Storage.Tests", "tests\Memora.Storage.Tests\Memora.Storage.Tests.csproj", "{9B87E665-3492-42B6-AF47-1FDBE5218B6C}"
EndProject
Project("{FAE04EC0-301F-11D3-BF4B-00C04F79EFBC}") = "Memora.Index.Tests", "tests\Memora.Index.Tests\Memora.Index.Tests.csproj", "{32DC479D-B834-4090-B888-D68AF8F9A905}"
EndProject
Project("{FAE04EC0-301F-11D3-BF4B-00C04F79EFBC}") = "Memora.Context.Tests", "tests\Memora.Context.Tests\Memora.Context.Tests.csproj", "{9A81B613-0AFD-4EA6-8BEE-62171B24E1EE}"
EndProject
Project("{FAE04EC0-301F-11D3-BF4B-00C04F79EFBC}") = "Memora.Api.Tests", "tests\Memora.Api.Tests\Memora.Api.Tests.csproj", "{A6219981-5BBC-45DF-A373-47CEE7E8F044}"
EndProject
Project("{FAE04EC0-301F-11D3-BF4B-00C04F79EFBC}") = "Memora.Mcp.Tests", "tests\Memora.Mcp.Tests\Memora.Mcp.Tests.csproj", "{A593D1E1-DB77-4265-9BBB-FF18F467B8B7}"
EndProject
Project("{FAE04EC0-301F-11D3-BF4B-00C04F79EFBC}") = "Memora.Ui.Tests", "tests\Memora.Ui.Tests\Memora.Ui.Tests.csproj", "{CFE1E8D7-9313-495E-BCA7-98A9C3B3250D}"
EndProject
Global
	GlobalSection(SolutionConfigurationPlatforms) = preSolution
		Debug|Any CPU = Debug|Any CPU
		Debug|x64 = Debug|x64
		Debug|x86 = Debug|x86
		Release|Any CPU = Release|Any CPU
		Release|x64 = Release|x64
		Release|x86 = Release|x86
	EndGlobalSection
	GlobalSection(ProjectConfigurationPlatforms) = postSolution
		{ED524598-C6F1-43A6-9E75-A979732ECAF8}.Debug|Any CPU.ActiveCfg = Debug|Any CPU
		{ED524598-C6F1-43A6-9E75-A979732ECAF8}.Debug|Any CPU.Build.0 = Debug|Any CPU
		{ED524598-C6F1-43A6-9E75-A979732ECAF8}.Debug|x64.ActiveCfg = Debug|Any CPU
		{ED524598-C6F1-43A6-9E75-A979732ECAF8}.Debug|x64.Build.0 = Debug|Any CPU
		{ED524598-C6F1-43A6-9E75-A979732ECAF8}.Debug|x86.ActiveCfg = Debug|Any CPU
		{ED524598-C6F1-43A6-9E75-A979732ECAF8}.Debug|x86.Build.0 = Debug|Any CPU
		{ED524598-C6F1-43A6-9E75-A979732ECAF8}.Release|Any CPU.ActiveCfg = Release|Any CPU
		{ED524598-C6F1-43A6-9E75-A979732ECAF8}.Release|Any CPU.Build.0 = Release|Any CPU
		{ED524598-C6F1-43A6-9E75-A979732ECAF8}.Release|x64.ActiveCfg = Release|Any CPU
		{ED524598-C6F1-43A6-9E75-A979732ECAF8}.Release|x64.Build.0 = Release|Any CPU
		{ED524598-C6F1-43A6-9E75-A979732ECAF8}.Release|x86.ActiveCfg = Release|Any CPU
		{ED524598-C6F1-43A6-9E75-A979732ECAF8}.Release|x86.Build.0 = Release|Any CPU
		{FCDDF6EA-67BA-460F-B99A-7742B8603C40}.Debug|Any CPU.ActiveCfg = Debug|Any CPU
		{FCDDF6EA-67BA-460F-B99A-7742B8603C40}.Debug|Any CPU.Build.0 = Debug|Any CPU
		{FCDDF6EA-67BA-460F-B99A-7742B8603C40}.Debug|x64.ActiveCfg = Debug|Any CPU
		{FCDDF6EA-67BA-460F-B99A-7742B8603C40}.Debug|x64.Build.0 = Debug|Any CPU
		{FCDDF6EA-67BA-460F-B99A-7742B8603C40}.Debug|x86.ActiveCfg = Debug|Any CPU
		{FCDDF6EA-67BA-460F-B99A-7742B8603C40}.Debug|x86.Build.0 = Debug|Any CPU
		{FCDDF6EA-67BA-460F-B99A-7742B8603C40}.Release|Any CPU.ActiveCfg = Release|Any CPU
		{FCDDF6EA-67BA-460F-B99A-7742B8603C40}.Release|Any CPU.Build.0 = Release|Any CPU
		{FCDDF6EA-67BA-460F-B99A-7742B8603C40}.Release|x64.ActiveCfg = Release|Any CPU
		{FCDDF6EA-67BA-460F-B99A-7742B8603C40}.Release|x64.Build.0 = Release|Any CPU
		{FCDDF6EA-67BA-460F-B99A-7742B8603C40}.Release|x86.ActiveCfg = Release|Any CPU
		{FCDDF6EA-67BA-460F-B99A-7742B8603C40}.Release|x86.Build.0 = Release|Any CPU
		{AAA9922A-B9A5-4877-A976-43B95B59E95C}.Debug|Any CPU.ActiveCfg = Debug|Any CPU
		{AAA9922A-B9A5-4877-A976-43B95B59E95C}.Debug|Any CPU.Build.0 = Debug|Any CPU
		{AAA9922A-B9A5-4877-A976-43B95B59E95C}.Debug|x64.ActiveCfg = Debug|Any CPU
		{AAA9922A-B9A5-4877-A976-43B95B59E95C}.Debug|x64.Build.0 = Debug|Any CPU
		{AAA9922A-B9A5-4877-A976-43B95B59E95C}.Debug|x86.ActiveCfg = Debug|Any CPU
		{AAA9922A-B9A5-4877-A976-43B95B59E95C}.Debug|x86.Build.0 = Debug|Any CPU
		{AAA9922A-B9A5-4877-A976-43B95B59E95C}.Release|Any CPU.ActiveCfg = Release|Any CPU
		{AAA9922A-B9A5-4877-A976-43B95B59E95C}.Release|Any CPU.Build.0 = Release|Any CPU
		{AAA9922A-B9A5-4877-A976-43B95B59E95C}.Release|x64.ActiveCfg = Release|Any CPU
		{AAA9922A-B9A5-4877-A976-43B95B59E95C}.Release|x64.Build.0 = Release|Any CPU
		{AAA9922A-B9A5-4877-A976-43B95B59E95C}.Release|x86.ActiveCfg = Release|Any CPU
		{AAA9922A-B9A5-4877-A976-43B95B59E95C}.Release|x86.Build.0 = Release|Any CPU
		{E68A5262-6351-4294-A809-CE1857769876}.Debug|Any CPU.ActiveCfg = Debug|Any CPU
		{E68A5262-6351-4294-A809-CE1857769876}.Debug|Any CPU.Build.0 = Debug|Any CPU
		{E68A5262-6351-4294-A809-CE1857769876}.Debug|x64.ActiveCfg = Debug|Any CPU
		{E68A5262-6351-4294-A809-CE1857769876}.Debug|x64.Build.0 = Debug|Any CPU
		{E68A5262-6351-4294-A809-CE1857769876}.Debug|x86.ActiveCfg = Debug|Any CPU
		{E68A5262-6351-4294-A809-CE1857769876}.Debug|x86.Build.0 = Debug|Any CPU
		{E68A5262-6351-4294-A809-CE1857769876}.Release|Any CPU.ActiveCfg = Release|Any CPU
		{E68A5262-6351-4294-A809-CE1857769876}.Release|Any CPU.Build.0 = Release|Any CPU
		{E68A5262-6351-4294-A809-CE1857769876}.Release|x64.ActiveCfg = Release|Any CPU
		{E68A5262-6351-4294-A809-CE1857769876}.Release|x64.Build.0 = Release|Any CPU
		{E68A5262-6351-4294-A809-CE1857769876}.Release|x86.ActiveCfg = Release|Any CPU
		{E68A5262-6351-4294-A809-CE1857769876}.Release|x86.Build.0 = Release|Any CPU
		{75C7CDA4-B3B7-41F0-858F-06BB9DB9EA4C}.Debug|Any CPU.ActiveCfg = Debug|Any CPU
		{75C7CDA4-B3B7-41F0-858F-06BB9DB9EA4C}.Debug|Any CPU.Build.0 = Debug|Any CPU
		{75C7CDA4-B3B7-41F0-858F-06BB9DB9EA4C}.Debug|x64.ActiveCfg = Debug|Any CPU
		{75C7CDA4-B3B7-41F0-858F-06BB9DB9EA4C}.Debug|x64.Build.0 = Debug|Any CPU
		{75C7CDA4-B3B7-41F0-858F-06BB9DB9EA4C}.Debug|x86.ActiveCfg = Debug|Any CPU
		{75C7CDA4-B3B7-41F0-858F-06BB9DB9EA4C}.Debug|x86.Build.0 = Debug|Any CPU
		{75C7CDA4-B3B7-41F0-858F-06BB9DB9EA4C}.Release|Any CPU.ActiveCfg = Release|Any CPU
		{75C7CDA4-B3B7-41F0-858F-06BB9DB9EA4C}.Release|Any CPU.Build.0 = Release|Any CPU
		{75C7CDA4-B3B7-41F0-858F-06BB9DB9EA4C}.Release|x64.ActiveCfg = Release|Any CPU
		{75C7CDA4-B3B7-41F0-858F-06BB9DB9EA4C}.Release|x64.Build.0 = Release|Any CPU
		{75C7CDA4-B3B7-41F0-858F-06BB9DB9EA4C}.Release|x86.ActiveCfg = Release|Any CPU
		{75C7CDA4-B3B7-41F0-858F-06BB9DB9EA4C}.Release|x86.Build.0 = Release|Any CPU
		{D9E4A3EA-971D-412C-BD24-7F4574CEE228}.Debug|Any CPU.ActiveCfg = Debug|Any CPU
		{D9E4A3EA-971D-412C-BD24-7F4574CEE228}.Debug|Any CPU.Build.0 = Debug|Any CPU
		{D9E4A3EA-971D-412C-BD24-7F4574CEE228}.Debug|x64.ActiveCfg = Debug|Any CPU
		{D9E4A3EA-971D-412C-BD24-7F4574CEE228}.Debug|x64.Build.0 = Debug|Any CPU
		{D9E4A3EA-971D-412C-BD24-7F4574CEE228}.Debug|x86.ActiveCfg = Debug|Any CPU
		{D9E4A3EA-971D-412C-BD24-7F4574CEE228}.Debug|x86.Build.0 = Debug|Any CPU
		{D9E4A3EA-971D-412C-BD24-7F4574CEE228}.Release|Any CPU.ActiveCfg = Release|Any CPU
		{D9E4A3EA-971D-412C-BD24-7F4574CEE228}.Release|Any CPU.Build.0 = Release|Any CPU
		{D9E4A3EA-971D-412C-BD24-7F4574CEE228}.Release|x64.ActiveCfg = Release|Any CPU
		{D9E4A3EA-971D-412C-BD24-7F4574CEE228}.Release|x64.Build.0 = Release|Any CPU
		{D9E4A3EA-971D-412C-BD24-7F4574CEE228}.Release|x86.ActiveCfg = Release|Any CPU
		{D9E4A3EA-971D-412C-BD24-7F4574CEE228}.Release|x86.Build.0 = Release|Any CPU
		{A8061EBE-1817-4BAD-8DC7-21062EDAEAD9}.Debug|Any CPU.ActiveCfg = Debug|Any CPU
		{A8061EBE-1817-4BAD-8DC7-21062EDAEAD9}.Debug|Any CPU.Build.0 = Debug|Any CPU
		{A8061EBE-1817-4BAD-8DC7-21062EDAEAD9}.Debug|x64.ActiveCfg = Debug|Any CPU
		{A8061EBE-1817-4BAD-8DC7-21062EDAEAD9}.Debug|x64.Build.0 = Debug|Any CPU
		{A8061EBE-1817-4BAD-8DC7-21062EDAEAD9}.Debug|x86.ActiveCfg = Debug|Any CPU
		{A8061EBE-1817-4BAD-8DC7-21062EDAEAD9}.Debug|x86.Build.0 = Debug|Any CPU
		{A8061EBE-1817-4BAD-8DC7-21062EDAEAD9}.Release|Any CPU.ActiveCfg = Release|Any CPU
		{A8061EBE-1817-4BAD-8DC7-21062EDAEAD9}.Release|Any CPU.Build.0 = Release|Any CPU
		{A8061EBE-1817-4BAD-8DC7-21062EDAEAD9}.Release|x64.ActiveCfg = Release|Any CPU
		{A8061EBE-1817-4BAD-8DC7-21062EDAEAD9}.Release|x64.Build.0 = Release|Any CPU
		{A8061EBE-1817-4BAD-8DC7-21062EDAEAD9}.Release|x86.ActiveCfg = Release|Any CPU
		{A8061EBE-1817-4BAD-8DC7-21062EDAEAD9}.Release|x86.Build.0 = Release|Any CPU
		{54493E75-6BA6-4807-967F-8E41BC227CEA}.Debug|Any CPU.ActiveCfg = Debug|Any CPU
		{54493E75-6BA6-4807-967F-8E41BC227CEA}.Debug|Any CPU.Build.0 = Debug|Any CPU
		{54493E75-6BA6-4807-967F-8E41BC227CEA}.Debug|x64.ActiveCfg = Debug|Any CPU
		{54493E75-6BA6-4807-967F-8E41BC227CEA}.Debug|x64.Build.0 = Debug|Any CPU
		{54493E75-6BA6-4807-967F-8E41BC227CEA}.Debug|x86.ActiveCfg = Debug|Any CPU
		{54493E75-6BA6-4807-967F-8E41BC227CEA}.Debug|x86.Build.0 = Debug|Any CPU
		{54493E75-6BA6-4807-967F-8E41BC227CEA}.Release|Any CPU.ActiveCfg = Release|Any CPU
		{54493E75-6BA6-4807-967F-8E41BC227CEA}.Release|Any CPU.Build.0 = Release|Any CPU
		{54493E75-6BA6-4807-967F-8E41BC227CEA}.Release|x64.ActiveCfg = Release|Any CPU
		{54493E75-6BA6-4807-967F-8E41BC227CEA}.Release|x64.Build.0 = Release|Any CPU
		{54493E75-6BA6-4807-967F-8E41BC227CEA}.Release|x86.ActiveCfg = Release|Any CPU
		{54493E75-6BA6-4807-967F-8E41BC227CEA}.Release|x86.Build.0 = Release|Any CPU
		{9B87E665-3492-42B6-AF47-1FDBE5218B6C}.Debug|Any CPU.ActiveCfg = Debug|Any CPU
		{9B87E665-3492-42B6-AF47-1FDBE5218B6C}.Debug|Any CPU.Build.0 = Debug|Any CPU
		{9B87E665-3492-42B6-AF47-1FDBE5218B6C}.Debug|x64.ActiveCfg = Debug|Any CPU
		{9B87E665-3492-42B6-AF47-1FDBE5218B6C}.Debug|x64.Build.0 = Debug|Any CPU
		{9B87E665-3492-42B6-AF47-1FDBE5218B6C}.Debug|x86.ActiveCfg = Debug|Any CPU
		{9B87E665-3492-42B6-AF47-1FDBE5218B6C}.Debug|x86.Build.0 = Debug|Any CPU
		{9B87E665-3492-42B6-AF47-1FDBE5218B6C}.Release|Any CPU.ActiveCfg = Release|Any CPU
		{9B87E665-3492-42B6-AF47-1FDBE5218B6C}.Release|Any CPU.Build.0 = Release|Any CPU
		{9B87E665-3492-42B6-AF47-1FDBE5218B6C}.Release|x64.ActiveCfg = Release|Any CPU
		{9B87E665-3492-42B6-AF47-1FDBE5218B6C}.Release|x64.Build.0 = Release|Any CPU
		{9B87E665-3492-42B6-AF47-1FDBE5218B6C}.Release|x86.ActiveCfg = Release|Any CPU
		{9B87E665-3492-42B6-AF47-1FDBE5218B6C}.Release|x86.Build.0 = Release|Any CPU
		{32DC479D-B834-4090-B888-D68AF8F9A905}.Debug|Any CPU.ActiveCfg = Debug|Any CPU
		{32DC479D-B834-4090-B888-D68AF8F9A905}.Debug|Any CPU.Build.0 = Debug|Any CPU
		{32DC479D-B834-4090-B888-D68AF8F9A905}.Debug|x64.ActiveCfg = Debug|Any CPU
		{32DC479D-B834-4090-B888-D68AF8F9A905}.Debug|x64.Build.0 = Debug|Any CPU
		{32DC479D-B834-4090-B888-D68AF8F9A905}.Debug|x86.ActiveCfg = Debug|Any CPU
		{32DC479D-B834-4090-B888-D68AF8F9A905}.Debug|x86.Build.0 = Debug|Any CPU
		{32DC479D-B834-4090-B888-D68AF8F9A905}.Release|Any CPU.ActiveCfg = Release|Any CPU
		{32DC479D-B834-4090-B888-D68AF8F9A905}.Release|Any CPU.Build.0 = Release|Any CPU
		{32DC479D-B834-4090-B888-D68AF8F9A905}.Release|x64.ActiveCfg = Release|Any CPU
		{32DC479D-B834-4090-B888-D68AF8F9A905}.Release|x64.Build.0 = Release|Any CPU
		{32DC479D-B834-4090-B888-D68AF8F9A905}.Release|x86.ActiveCfg = Release|Any CPU
		{32DC479D-B834-4090-B888-D68AF8F9A905}.Release|x86.Build.0 = Release|Any CPU
		{9A81B613-0AFD-4EA6-8BEE-62171B24E1EE}.Debug|Any CPU.ActiveCfg = Debug|Any CPU
		{9A81B613-0AFD-4EA6-8BEE-62171B24E1EE}.Debug|Any CPU.Build.0 = Debug|Any CPU
		{9A81B613-0AFD-4EA6-8BEE-62171B24E1EE}.Debug|x64.ActiveCfg = Debug|Any CPU
		{9A81B613-0AFD-4EA6-8BEE-62171B24E1EE}.Debug|x64.Build.0 = Debug|Any CPU
		{9A81B613-0AFD-4EA6-8BEE-62171B24E1EE}.Debug|x86.ActiveCfg = Debug|Any CPU
		{9A81B613-0AFD-4EA6-8BEE-62171B24E1EE}.Debug|x86.Build.0 = Debug|Any CPU
		{9A81B613-0AFD-4EA6-8BEE-62171B24E1EE}.Release|Any CPU.ActiveCfg = Release|Any CPU
		{9A81B613-0AFD-4EA6-8BEE-62171B24E1EE}.Release|Any CPU.Build.0 = Release|Any CPU
		{9A81B613-0AFD-4EA6-8BEE-62171B24E1EE}.Release|x64.ActiveCfg = Release|Any CPU
		{9A81B613-0AFD-4EA6-8BEE-62171B24E1EE}.Release|x64.Build.0 = Release|Any CPU
		{9A81B613-0AFD-4EA6-8BEE-62171B24E1EE}.Release|x86.ActiveCfg = Release|Any CPU
		{9A81B613-0AFD-4EA6-8BEE-62171B24E1EE}.Release|x86.Build.0 = Release|Any CPU
		{A6219981-5BBC-45DF-A373-47CEE7E8F044}.Debug|Any CPU.ActiveCfg = Debug|Any CPU
		{A6219981-5BBC-45DF-A373-47CEE7E8F044}.Debug|Any CPU.Build.0 = Debug|Any CPU
		{A6219981-5BBC-45DF-A373-47CEE7E8F044}.Debug|x64.ActiveCfg = Debug|Any CPU
		{A6219981-5BBC-45DF-A373-47CEE7E8F044}.Debug|x64.Build.0 = Debug|Any CPU
		{A6219981-5BBC-45DF-A373-47CEE7E8F044}.Debug|x86.ActiveCfg = Debug|Any CPU
		{A6219981-5BBC-45DF-A373-47CEE7E8F044}.Debug|x86.Build.0 = Debug|Any CPU
		{A6219981-5BBC-45DF-A373-47CEE7E8F044}.Release|Any CPU.ActiveCfg = Release|Any CPU
		{A6219981-5BBC-45DF-A373-47CEE7E8F044}.Release|Any CPU.Build.0 = Release|Any CPU
		{A6219981-5BBC-45DF-A373-47CEE7E8F044}.Release|x64.ActiveCfg = Release|Any CPU
		{A6219981-5BBC-45DF-A373-47CEE7E8F044}.Release|x64.Build.0 = Release|Any CPU
		{A6219981-5BBC-45DF-A373-47CEE7E8F044}.Release|x86.ActiveCfg = Release|Any CPU
		{A6219981-5BBC-45DF-A373-47CEE7E8F044}.Release|x86.Build.0 = Release|Any CPU
		{A593D1E1-DB77-4265-9BBB-FF18F467B8B7}.Debug|Any CPU.ActiveCfg = Debug|Any CPU
		{A593D1E1-DB77-4265-9BBB-FF18F467B8B7}.Debug|Any CPU.Build.0 = Debug|Any CPU
		{A593D1E1-DB77-4265-9BBB-FF18F467B8B7}.Debug|x64.ActiveCfg = Debug|Any CPU
		{A593D1E1-DB77-4265-9BBB-FF18F467B8B7}.Debug|x64.Build.0 = Debug|Any CPU
		{A593D1E1-DB77-4265-9BBB-FF18F467B8B7}.Debug|x86.ActiveCfg = Debug|Any CPU
		{A593D1E1-DB77-4265-9BBB-FF18F467B8B7}.Debug|x86.Build.0 = Debug|Any CPU
		{A593D1E1-DB77-4265-9BBB-FF18F467B8B7}.Release|Any CPU.ActiveCfg = Release|Any CPU
		{A593D1E1-DB77-4265-9BBB-FF18F467B8B7}.Release|Any CPU.Build.0 = Release|Any CPU
		{A593D1E1-DB77-4265-9BBB-FF18F467B8B7}.Release|x64.ActiveCfg = Release|Any CPU
		{A593D1E1-DB77-4265-9BBB-FF18F467B8B7}.Release|x64.Build.0 = Release|Any CPU
		{A593D1E1-DB77-4265-9BBB-FF18F467B8B7}.Release|x86.ActiveCfg = Release|Any CPU
		{A593D1E1-DB77-4265-9BBB-FF18F467B8B7}.Release|x86.Build.0 = Release|Any CPU
		{CFE1E8D7-9313-495E-BCA7-98A9C3B3250D}.Debug|Any CPU.ActiveCfg = Debug|Any CPU
		{CFE1E8D7-9313-495E-BCA7-98A9C3B3250D}.Debug|Any CPU.Build.0 = Debug|Any CPU
		{CFE1E8D7-9313-495E-BCA7-98A9C3B3250D}.Debug|x64.ActiveCfg = Debug|Any CPU
		{CFE1E8D7-9313-495E-BCA7-98A9C3B3250D}.Debug|x64.Build.0 = Debug|Any CPU
		{CFE1E8D7-9313-495E-BCA7-98A9C3B3250D}.Debug|x86.ActiveCfg = Debug|Any CPU
		{CFE1E8D7-9313-495E-BCA7-98A9C3B3250D}.Debug|x86.Build.0 = Debug|Any CPU
		{CFE1E8D7-9313-495E-BCA7-98A9C3B3250D}.Release|Any CPU.ActiveCfg = Release|Any CPU
		{CFE1E8D7-9313-495E-BCA7-98A9C3B3250D}.Release|Any CPU.Build.0 = Release|Any CPU
		{CFE1E8D7-9313-495E-BCA7-98A9C3B3250D}.Release|x64.ActiveCfg = Release|Any CPU
		{CFE1E8D7-9313-495E-BCA7-98A9C3B3250D}.Release|x64.Build.0 = Release|Any CPU
		{CFE1E8D7-9313-495E-BCA7-98A9C3B3250D}.Release|x86.ActiveCfg = Release|Any CPU
		{CFE1E8D7-9313-495E-BCA7-98A9C3B3250D}.Release|x86.Build.0 = Release|Any CPU
	EndGlobalSection
	GlobalSection(SolutionProperties) = preSolution
		HideSolutionNode = FALSE
	EndGlobalSection
	GlobalSection(NestedProjects) = preSolution
		{ED524598-C6F1-43A6-9E75-A979732ECAF8} = {827E0CD3-B72D-47B6-A68D-7590B98EB39B}
		{FCDDF6EA-67BA-460F-B99A-7742B8603C40} = {827E0CD3-B72D-47B6-A68D-7590B98EB39B}
		{AAA9922A-B9A5-4877-A976-43B95B59E95C} = {827E0CD3-B72D-47B6-A68D-7590B98EB39B}
		{E68A5262-6351-4294-A809-CE1857769876} = {827E0CD3-B72D-47B6-A68D-7590B98EB39B}
		{75C7CDA4-B3B7-41F0-858F-06BB9DB9EA4C} = {827E0CD3-B72D-47B6-A68D-7590B98EB39B}
		{D9E4A3EA-971D-412C-BD24-7F4574CEE228} = {827E0CD3-B72D-47B6-A68D-7590B98EB39B}
		{A8061EBE-1817-4BAD-8DC7-21062EDAEAD9} = {827E0CD3-B72D-47B6-A68D-7590B98EB39B}
		{54493E75-6BA6-4807-967F-8E41BC227CEA} = {0AB3BF05-4346-4AA6-1389-037BE0695223}
		{9B87E665-3492-42B6-AF47-1FDBE5218B6C} = {0AB3BF05-4346-4AA6-1389-037BE0695223}
		{32DC479D-B834-4090-B888-D68AF8F9A905} = {0AB3BF05-4346-4AA6-1389-037BE0695223}
		{9A81B613-0AFD-4EA6-8BEE-62171B24E1EE} = {0AB3BF05-4346-4AA6-1389-037BE0695223}
		{A6219981-5BBC-45DF-A373-47CEE7E8F044} = {0AB3BF05-4346-4AA6-1389-037BE0695223}
		{A593D1E1-DB77-4265-9BBB-FF18F467B8B7} = {0AB3BF05-4346-4AA6-1389-037BE0695223}
		{CFE1E8D7-9313-495E-BCA7-98A9C3B3250D} = {0AB3BF05-4346-4AA6-1389-037BE0695223}
	EndGlobalSection
EndGlobal
